// !$*UTF8*$!
{
	archiveVersion = 1;
	classes = {
	};
	objectVersion = 50;
	objects = {

/* Begin PBXBuildFile section */
		D35DF3C320F96255001A91D0 /* ConfigureSheet.xib in Resources */ = {isa = PBXBuildFile; fileRef = D35DF3C220F96255001A91D0 /* ConfigureSheet.xib */; };
		D3E8816520EF5CFF00AB78CB /* hangulclocksaverView.h in Headers */ = {isa = PBXBuildFile; fileRef = D3E8816420EF5CFF00AB78CB /* hangulclocksaverView.h */; };
		D3E8816720EF5CFF00AB78CB /* hangulclocksaverView.m in Sources */ = {isa = PBXBuildFile; fileRef = D3E8816620EF5CFF00AB78CB /* hangulclocksaverView.m */; };
/* End PBXBuildFile section */

/* Begin PBXFileReference section */
		D35DF3C220F96255001A91D0 /* ConfigureSheet.xib */ = {isa = PBXFileReference; lastKnownFileType = file.xib; path = ConfigureSheet.xib; sourceTree = "<group>"; };
		D38295792114DC270055BB8E /* SaverConfig.h */ = {isa = PBXFileReference; lastKnownFileType = sourcecode.c.h; path = SaverConfig.h; sourceTree = "<group>"; };
		D3E8816120EF5CFF00AB78CB /* hangulclocksaver.saver */ = {isa = PBXFileReference; explicitFileType = wrapper.cfbundle; includeInIndex = 0; path = hangulclocksaver.saver; sourceTree = BUILT_PRODUCTS_DIR; };
		D3E8816420EF5CFF00AB78CB /* hangulclocksaverView.h */ = {isa = PBXFileReference; lastKnownFileType = sourcecode.c.h; path = hangulclocksaverView.h; sourceTree = "<group>"; };
		D3E8816620EF5CFF00AB78CB /* hangulclocksaverView.m */ = {isa = PBXFileReference; lastKnownFileType = sourcecode.c.objc; path = hangulclocksaverView.m; sourceTree = "<group>"; };
		D3E8816820EF5CFF00AB78CB /* Info.plist */ = {isa = PBXFileReference; lastKnownFileType = text.plist.xml; path = Info.plist; sourceTree = "<group>"; };
/* End PBXFileReference section */

/* Begin PBXFrameworksBuildPhase section */
		D3E8815D20EF5CFF00AB78CB /* Frameworks */ = {
			isa = PBXFrameworksBuildPhase;
			buildActionMask = 2147483647;
			files = (
			);
			runOnlyForDeploymentPostprocessing = 0;
		};
/* End PBXFrameworksBuildPhase section */

/* Begin PBXGroup section */
		D3E8815720EF5CFF00AB78CB = {
			isa = PBXGroup;
			children = (
				D3E8816320EF5CFF00AB78CB /* hangulclocksaver */,
				D3E8816220EF5CFF00AB78CB /* Products */,
			);
			sourceTree = "<group>";
		};
		D3E8816220EF5CFF00AB78CB /* Products */ = {
			isa = PBXGroup;
			children = (
				D3E8816120EF5CFF00AB78CB /* hangulclocksaver.saver */,
			);
			name = Products;
			sourceTree = "<group>";
		};
		D3E8816320EF5CFF00AB78CB /* hangulclocksaver */ = {
			isa = PBXGroup;
			children = (
				D3E8816420EF5CFF00AB78CB /* hangulclocksaverView.h */,
				D3E8816620EF5CFF00AB78CB /* hangulclocksaverView.m */,
				D3E8816820EF5CFF00AB78CB /* Info.plist */,
				D35DF3C220F96255001A91D0 /* ConfigureSheet.xib */,
				D38295792114DC270055BB8E /* SaverConfig.h */,
			);
			path = hangulclocksaver;
			sourceTree = "<group>";
		};
/* End PBXGroup section */

/* Begin PBXHeadersBuildPhase section */
		D3E8815E20EF5CFF00AB78CB /* Headers */ = {
			isa = PBXHeadersBuildPhase;
			buildActionMask = 2147483647;
			files = (
				D3E8816520EF5CFF00AB78CB /* hangulclocksaverView.h in Headers */,
			);
			runOnlyForDeploymentPostprocessing = 0;
		};
/* End PBXHeadersBuildPhase section */

/* Begin PBXNativeTarget section */
		D3E8816020EF5CFF00AB78CB /* hangulclocksaver */ = {
			isa = PBXNativeTarget;
			buildConfigurationList = D3E8816B20EF5CFF00AB78CB /* Build configuration list for PBXNativeTarget "hangulclocksaver" */;
			buildPhases = (
				D3E8815C20EF5CFF00AB78CB /* Sources */,
				D3E8815D20EF5CFF00AB78CB /* Frameworks */,
				D3E8815E20EF5CFF00AB78CB /* Headers */,
				D3E8815F20EF5CFF00AB78CB /* Resources */,
			);
			buildRules = (
			);
			dependencies = (
			);
			name = hangulclocksaver;
			productName = hangulclocksaver;
			productReference = D3E8816120EF5CFF00AB78CB /* hangulclocksaver.saver */;
			productType = "com.apple.product-type.bundle";
		};
/* End PBXNativeTarget section */

/* Begin PBXProject section */
		D3E8815820EF5CFF00AB78CB /* Project object */ = {
			isa = PBXProject;
			attributes = {
				LastUpgradeCheck = 0940;
				ORGANIZATIONNAME = "Joonhee Lee";
				TargetAttributes = {
					D3E8816020EF5CFF00AB78CB = {
						CreatedOnToolsVersion = 9.4.1;
					};
				};
			};
			buildConfigurationList = D3E8815B20EF5CFF00AB78CB /* Build configuration list for PBXProject "hangulclocksaver" */;
			compatibilityVersion = "Xcode 9.3";
			developmentRegion = en;
			hasScannedForEncodings = 0;
			knownRegions = (
				en,
			);
			mainGroup = D3E8815720EF5CFF00AB78CB;
			productRefGroup = D3E8816220EF5CFF00AB78CB /* Products */;
			projectDirPath = "";
			projectRoot = "";
			targets = (
				D3E8816020EF5CFF00AB78CB /* hangulclocksaver */,
			);
		};
/* End PBXProject section */

/* Begin PBXResourcesBuildPhase section */
		D3E8815F20EF5CFF00AB78CB /* Resources */ = {
			isa = PBXResourcesBuildPhase;
			buildActionMask = 2147483647;
			files = (
				D35DF3C320F96255001A91D0 /* ConfigureSheet.xib in Resources */,
			);
			runOnlyForDeploymentPostprocessing = 0;
		};
/* End PBXResourcesBuildPhase section */

/* Begin PBXSourcesBuildPhase section */
		D3E8815C20EF5CFF00AB78CB /* Sources */ = {
			isa = PBXSourcesBuildPhase;
			buildActionMask = 2147483647;
			files = (
				D3E8816720EF5CFF00AB78CB /* hangulclocksaverView.m in Sources */,
			);
			runOnlyForDeploymentPostprocessing = 0;
		};
/* End PBXSourcesBuildPhase section */

/* Begin XCBuildConfiguration section */
		D3E8816920EF5CFF00AB78CB /* Debug */ = {
			isa = XCBuildConfiguration;
			buildSettings = {
				ALWAYS_SEARCH_USER_PATHS = NO;
				CLANG_ANALYZER_NONNULL = YES;
				CLANG_ANALYZER_NUMBER_OBJECT_CONVERSION = YES_AGGRESSIVE;
				CLANG_CXX_LANGUAGE_STANDARD = "gnu++14";
				CLANG_CXX_LIBRARY = "libc++";
				CLANG_ENABLE_MODULES = YES;
				CLANG_ENABLE_OBJC_ARC = YES;
				CLANG_ENABLE_OBJC_WEAK = YES;
				CLANG_WARN_BLOCK_CAPTURE_AUTORELEASING = YES;
				CLANG_WARN_BOOL_CONVERSION = YES;
				CLANG_WARN_COMMA = YES;
				CLANG_WARN_CONSTANT_CONVERSION = YES;
				CLANG_WARN_DEPRECATED_OBJC_IMPLEMENTATIONS = YES;
				CLANG_WARN_DIRECT_OBJC_ISA_USAGE = YES_ERROR;
				CLANG_WARN_DOCUMENTATION_COMMENTS = YES;
				CLANG_WARN_EMPTY_BODY = YES;
				CLANG_WARN_ENUM_CONVERSION = YES;
				CLANG_WARN_INFINITE_RECURSION = YES;
				CLANG_WARN_INT_CONVERSION = YES;
				CLANG_WARN_NON_LITERAL_NULL_CONVERSION = YES;
				CLANG_WARN_OBJC_IMPLICIT_RETAIN_SELF = YES;
				CLANG_WARN_OBJC_LITERAL_CONVERSION = YES;
				CLANG_WARN_OBJC_ROOT_CLASS = YES_ERROR;
				CLANG_WARN_RANGE_LOOP_ANALYSIS = YES;
				CLANG_WARN_STRICT_PROTOTYPES = YES;
				CLANG_WARN_SUSPICIOUS_MOVE = YES;
				CLANG_WARN_UNGUARDED_AVAILABILITY = YES_AGGRESSIVE;
				CLANG_WARN_UNREACHABLE_CODE = YES;
				CLANG_WARN__DUPLICATE_METHOD_MATCH = YES;
				CODE_SIGN_IDENTITY = "Mac Developer";
				COPY_PHASE_STRIP = NO;
				DEBUG_INFORMATION_FORMAT = dwarf;
				ENABLE_STRICT_OBJC_MSGSEND = YES;
				ENABLE_TESTABILITY = YES;
				GCC_C_LANGUAGE_STANDARD = gnu11;
				GCC_DYNAMIC_NO_PIC = NO;
				GCC_NO_COMMON_BLOCKS = YES;
				GCC_OPTIMIZATION_LEVEL = 0;
				GCC_PREPROCESSOR_DEFINITIONS = (
					"DEBUG=1",
					"$(inherited)",
				);
				GCC_WARN_64_TO_32_BIT_CONVERSION = YES;
				GCC_WARN_ABOUT_RETURN_TYPE = YES_ERROR;
				GCC_WARN_UNDECLARED_SELECTOR = YES;
				GCC_WARN_UNINITIALIZED_AUTOS = YES_AGGRESSIVE;
				GCC_WARN_UNUSED_FUNCTION = YES;
				GCC_WARN_UNUSED_VARIABLE = YES;
				MACOSX_DEPLOYMENT_TARGET = 10.13;
				MTL_ENABLE_DEBUG_INFO = YES;
				ONLY_ACTIVE_ARCH = YES;
				SDKROOT = macosx;
			};
			name = Debug;
		};
		D3E8816A20EF5CFF00AB78CB /* Release */ = {
			isa = XCBuildConfiguration;
			buildSettings = {
				ALWAYS_SEARCH_USER_PATHS = NO;
				CLANG_ANALYZER_NONNULL = YES;
				CLANG_ANALYZER_NUMBER_OBJECT_CONVERSION = YES_AGGRESSIVE;
				CLANG_CXX_LANGUAGE_STANDARD = "gnu++14";
				CLANG_CXX_LIBRARY = "libc++";
				CLANG_ENABLE_MODULES = YES;
				CLANG_ENABLE_OBJC_ARC = YES;
				CLANG_ENABLE_OBJC_WEAK = YES;
				CLANG_WARN_BLOCK_CAPTURE_AUTORELEASING = YES;
				CLANG_WARN_BOOL_CONVERSION = YES;
				CLANG_WARN_COMMA = YES;
				CLANG_WARN_CONSTANT_CONVERSION = YES;
				CLANG_WARN_DEPRECATED_OBJC_IMPLEMENTATIONS = YES;
				CLANG_WARN_DIRECT_OBJC_ISA_USAGE = YES_ERROR;
				CLANG_WARN_DOCUMENTATION_COMMENTS = YES;
				CLANG_WARN_EMPTY_BODY = YES;
				CLANG_WARN_ENUM_CONVERSION = YES;
				CLANG_WARN_INFINITE_RECURSION = YES;
				CLANG_WARN_INT_CONVERSION = YES;
				CLANG_WARN_NON_LITERAL_NULL_CONVERSION = YES;
				CLANG_WARN_OBJC_IMPLICIT_RETAIN_SELF = YES;
				CLANG_WARN_OBJC_LITERAL_CONVERSION = YES;
				CLANG_WARN_OBJC_ROOT_CLASS = YES_ERROR;
				CLANG_WARN_RANGE_LOOP_ANALYSIS = YES;
				CLANG_WARN_STRICT_PROTOTYPES = YES;
				CLANG_WARN_SUSPICIOUS_MOVE = YES;
				CLANG_WARN_UNGUARDED_AVAILABILITY = YES_AGGRESSIVE;
				CLANG_WARN_UNREACHABLE_CODE = YES;
				CLANG_WARN__DUPLICATE_METHOD_MATCH = YES;
				CODE_SIGN_IDENTITY = "Mac Developer";
				COPY_PHASE_STRIP = NO;
				DEBUG_INFORMATION_FORMAT = "dwarf-with-dsym";
				ENABLE_NS_ASSERTIONS = NO;
				ENABLE_STRICT_OBJC_MSGSEND = YES;
				GCC_C_LANGUAGE_STANDARD = gnu11;
				GCC_NO_COMMON_BLOCKS = YES;
				GCC_WARN_64_TO_32_BIT_CONVERSION = YES;
				GCC_WARN_ABOUT_RETURN_TYPE = YES_ERROR;
				GCC_WARN_UNDECLARED_SELECTOR = YES;
				GCC_WARN_UNINITIALIZED_AUTOS = YES_AGGRESSIVE;
				GCC_WARN_UNUSED_FUNCTION = YES;
				GCC_WARN_UNUSED_VARIABLE = YES;
				MACOSX_DEPLOYMENT_TARGET = 10.13;
				MTL_ENABLE_DEBUG_INFO = NO;
				SDKROOT = macosx;
			};
			name = Release;
		};
		D3E8816C20EF5CFF00AB78CB /* Debug */ = {
			isa = XCBuildConfiguration;
			buildSettings = {
				CODE_SIGN_STYLE = Automatic;
				COMBINE_HIDPI_IMAGES = YES;
				DEVELOPMENT_TEAM = VX6755UG9L;
				INFOPLIST_FILE = hangulclocksaver/Info.plist;
				INSTALL_PATH = "$(HOME)/Library/Screen Savers";
				PRODUCT_BUNDLE_IDENTIFIER = jonleestudio.hangulclocksaver;
				PRODUCT_NAME = "$(TARGET_NAME)";
				WRAPPER_EXTENSION = saver;
			};
			name = Debug;
		};
		D3E8816D20EF5CFF00AB78CB /* Release */ = {
			isa = XCBuildConfiguration;
			buildSettings = {
				CODE_SIGN_STYLE = Automatic;
				COMBINE_HIDPI_IMAGES = YES;
				DEVELOPMENT_TEAM = VX6755UG9L;
				ENABLE_TESTABILITY = YES;
				INFOPLIST_FILE = hangulclocksaver/Info.plist;
				INSTALL_PATH = "$(HOME)/Library/Screen Savers";
				PRODUCT_BUNDLE_IDENTIFIER = jonleestudio.hangulclocksaver;
				PRODUCT_NAME = "$(TARGET_NAME)";
				WRAPPER_EXTENSION = saver;
			};
			name = Release;
		};
/* End XCBuildConfiguration section */

/* Begin XCConfigurationList section */
		D3E8815B20EF5CFF00AB78CB /* Build configuration list for PBXProject "hangulclocksaver" */ = {
			isa = XCConfigurationList;
			buildConfigurations = (
				D3E8816920EF5CFF00AB78CB /* Debug */,
				D3E8816A20EF5CFF00AB78CB /* Release */,
			);
			defaultConfigurationIsVisible = 0;
			defaultConfigurationName = Release;
		};
		D3E8816B20EF5CFF00AB78CB /* Build configuration list for PBXNativeTarget "hangulclocksaver" */ = {
			isa = XCConfigurationList;
			buildConfigurations = (
				D3E8816C20EF5CFF00AB78CB /* Debug */,
				D3E8816D20EF5CFF00AB78CB /* Release */,
			);
			defaultConfigurationIsVisible = 0;
			defaultConfigurationName = Release;
		};
/* End XCConfigurationList section */
	};
	rootObject = D3E8815820EF5CFF00AB78CB /* Project object */;
}
